
Microsoft Visual Studio Solution File, Format Version 12.00
# Visual Studio Version 16
VisualStudioVersion = 16.0.31829.152
MinimumVisualStudioVersion = 10.0.40219.1
Project("{FAE04EC0-301F-11D3-BF4B-00C04F79EFBC}") = "WpfApp", "WpfApp\WpfApp.csproj", "{91EE85D6-3D46-4922-A39A-BF0FC455FA40}"
EndProject
Project("{FAE04EC0-301F-11D3-BF4B-00C04F79EFBC}") = "MyUWPApp", "MyUWPApp\MyUWPApp.csproj", "{62767EAD-5FD5-40F1-A508-98397E866470}"
EndProject
Global
	GlobalSection(SolutionConfigurationPlatforms) = preSolution
		Debug|Any CPU = Debug|Any CPU
		Debug|ARM = Debug|ARM
		Debug|ARM64 = Debug|ARM64
		Debug|x64 = Debug|x64
		Debug|x86 = Debug|x86
		Release|Any CPU = Release|Any CPU
		Release|ARM = Release|ARM
		Release|ARM64 = Release|ARM64
		Release|x64 = Release|x64
		Release|x86 = Release|x86
	EndGlobalSection
	GlobalSection(ProjectConfigurationPlatforms) = postSolution
		{91EE85D6-3D46-4922-A39A-BF0FC455FA40}.Debug|Any CPU.ActiveCfg = Debug|Any CPU
		{91EE85D6-3D46-4922-A39A-BF0FC455FA40}.Debug|Any CPU.Build.0 = Debug|Any CPU
		{91EE85D6-3D46-4922-A39A-BF0FC455FA40}.Debug|ARM.ActiveCfg = Debug|Any CPU
		{91EE85D6-3D46-4922-A39A-BF0FC455FA40}.Debug|ARM.Build.0 = Debug|Any CPU
		{91EE85D6-3D46-4922-A39A-BF0FC455FA40}.Debug|ARM64.ActiveCfg = Debug|Any CPU
		{91EE85D6-3D46-4922-A39A-BF0FC455FA40}.Debug|ARM64.Build.0 = Debug|Any CPU
		{91EE85D6-3D46-4922-A39A-BF0FC455FA40}.Debug|x64.ActiveCfg = Debug|Any CPU
		{91EE85D6-3D46-4922-A39A-BF0FC455FA40}.Debug|x64.Build.0 = Debug|Any CPU
		{91EE85D6-3D46-4922-A39A-BF0FC455FA40}.Debug|x86.ActiveCfg = Debug|x86
		{91EE85D6-3D46-4922-A39A-BF0FC455FA40}.Debug|x86.Build.0 = Debug|x86
		{91EE85D6-3D46-4922-A39A-BF0FC455FA40}.Release|Any CPU.ActiveCfg = Release|Any CPU
		{91EE85D6-3D46-4922-A39A-BF0FC455FA40}.Release|Any CPU.Build.0 = Release|Any CPU
		{91EE85D6-3D46-4922-A39A-BF0FC455FA40}.Release|ARM.ActiveCfg = Release|Any CPU
		{91EE85D6-3D46-4922-A39A-BF0FC455FA40}.Release|ARM.Build.0 = Release|Any CPU
		{91EE85D6-3D46-4922-A39A-BF0FC455FA40}.Release|ARM64.ActiveCfg = Release|Any CPU
		{91EE85D6-3D46-4922-A39A-BF0FC455FA40}.Release|ARM64.Build.0 = Release|Any CPU
		{91EE85D6-3D46-4922-A39A-BF0FC455FA40}.Release|x64.ActiveCfg = Release|Any CPU
		{91EE85D6-3D46-4922-A39A-BF0FC455FA40}.Release|x64.Build.0 = Release|Any CPU
		{91EE85D6-3D46-4922-A39A-BF0FC455FA40}.Release|x86.ActiveCfg = Release|x86
		{91EE85D6-3D46-4922-A39A-BF0FC455FA40}.Release|x86.Build.0 = Release|x86
		{62767EAD-5FD5-40F1-A508-98397E866470}.Debug|Any CPU.ActiveCfg = Debug|x86
		{62767EAD-5FD5-40F1-A508-98397E866470}.Debug|ARM.ActiveCfg = Debug|ARM
		{62767EAD-5FD5-40F1-A508-98397E866470}.Debug|ARM.Build.0 = Debug|ARM
		{62767EAD-5FD5-40F1-A508-98397E866470}.Debug|ARM.Deploy.0 = Debug|ARM
		{62767EAD-5FD5-40F1-A508-98397E866470}.Debug|ARM64.ActiveCfg = Debug|ARM64
		{62767EAD-5FD5-40F1-A508-98397E866470}.Debug|ARM64.Build.0 = Debug|ARM64
		{62767EAD-5FD5-40F1-A508-98397E866470}.Debug|ARM64.Deploy.0 = Debug|ARM64
		{62767EAD-5FD5-40F1-A508-98397E866470}.Debug|x64.ActiveCfg = Debug|x64
		{62767EAD-5FD5-40F1-A508-98397E866470}.Debug|x64.Build.0 = Debug|x64
		{62767EAD-5FD5-40F1-A508-98397E866470}.Debug|x64.Deploy.0 = Debug|x64
		{62767EAD-5FD5-40F1-A508-98397E866470}.Debug|x86.ActiveCfg = Debug|x86
		{62767EAD-5FD5-40F1-A508-98397E866470}.Debug|x86.Build.0 = Debug|x86
		{62767EAD-5FD5-40F1-A508-98397E866470}.Debug|x86.Deploy.0 = Debug|x86
		{62767EAD-5FD5-40F1-A508-98397E866470}.Release|Any CPU.ActiveCfg = Release|x86
		{62767EAD-5FD5-40F1-A508-98397E866470}.Release|ARM.ActiveCfg = Release|ARM
		{62767EAD-5FD5-40F1-A508-98397E866470}.Release|ARM.Build.0 = Release|ARM
		{62767EAD-5FD5-40F1-A508-98397E866470}.Release|ARM.Deploy.0 = Release|ARM
		{62767EAD-5FD5-40F1-A508-98397E866470}.Release|ARM64.ActiveCfg = Release|ARM64
		{62767EAD-5FD5-40F1-A508-98397E866470}.Release|ARM64.Build.0 = Release|ARM64
		{62767EAD-5FD5-40F1-A508-98397E866470}.Release|ARM64.Deploy.0 = Release|ARM64
		{62767EAD-5FD5-40F1-A508-98397E866470}.Release|x64.ActiveCfg = Release|x64
		{62767EAD-5FD5-40F1-A508-98397E866470}.Release|x64.Build.0 = Release|x64
		{62767EAD-5FD5-40F1-A508-98397E866470}.Release|x64.Deploy.0 = Release|x64
		{62767EAD-5FD5-40F1-A508-98397E866470}.Release|x86.ActiveCfg = Release|x86
		{62767EAD-5FD5-40F1-A508-98397E866470}.Release|x86.Build.0 = Release|x86
		{62767EAD-5FD5-40F1-A508-98397E866470}.Release|x86.Deploy.0 = Release|x86
	EndGlobalSection
	GlobalSection(SolutionProperties) = preSolution
		HideSolutionNode = FALSE
	EndGlobalSection
	GlobalSection(ExtensibilityGlobals) = postSolution
		SolutionGuid = {9D30FB77-0151-4824-9333-DFED0C0098A0}
	EndGlobalSection
EndGlobal
